
Microsoft Visual Studio Solution File, Format Version 12.00
# Visual Studio 15
VisualStudioVersion = 15.0.27703.2000
MinimumVisualStudioVersion = 10.0.40219.1
Project("{FAE04EC0-301F-11D3-BF4B-00C04F79EFBC}") = "WebApplication1", "WebApplication1\WebApplication1.csproj", "{72DCC6A6-0106-4C95-B20A-4064314A797B}"
EndProject
Global
	GlobalSection(SolutionConfigurationPlatforms) = preSolution
		Debug|Any CPU = Debug|Any CPU
		Release|Any CPU = Release|Any CPU
	EndGlobalSection
	GlobalSection(ProjectConfigurationPlatforms) = postSolution
		{72DCC6A6-0106-4C95-B20A-4064314A797B}.Debug|Any CPU.ActiveCfg = Debug|Any CPU
		{72DCC6A6-0106-4C95-B20A-4064314A797B}.Debug|Any CPU.Build.0 = Debug|Any CPU
		{72DCC6A6-0106-4C95-B20A-4064314A797B}.Release|Any CPU.ActiveCfg = Release|Any CPU
		{72DCC6A6-0106-4C95-B20A-4064314A797B}.Release|Any CPU.Build.0 = Release|Any CPU
	EndGlobalSection
	GlobalSection(SolutionProperties) = preSolution
		HideSolutionNode = FALSE
	EndGlobalSection
	GlobalSection(ExtensibilityGlobals) = postSolution
		SolutionGuid = {95EAD0C3-E481-4976-B374-595F2452D4B0}
	EndGlobalSection
EndGlobal
